// !$*UTF8*$!
{
	archiveVersion = 1;
	classes = {
	};
	objectVersion = 46;
	objects = {
/* Begin PBXBuildFile section */
		0207DA581B56EA530066E2B4 /* Images.xcassets in Resources */ = {isa = PBXBuildFile; fileRef = 0207DA571B56EA530066E2B4 /* Images.xcassets */; };
		1A6DCDD2CC2944C088B37C15 /* CDVDevice.m in Sources */ = {isa = PBXBuildFile; fileRef = 25A553F18D10427BBECBF881 /* CDVDevice.m */; };
		1CB985CCAA7C4464A8655D38 /* CDVCapture.bundle in Resources */ = {isa = PBXBuildFile; fileRef = 79CECFBC9CAC4BFB976752AA /* CDVCapture.bundle */; };
		1D3623260D0F684500981E51 /* AppDelegate.m in Sources */ = {isa = PBXBuildFile; fileRef = 1D3623250D0F684500981E51 /* AppDelegate.m */; };
		1D60589B0D05DD56006BFB54 /* main.m in Sources */ = {isa = PBXBuildFile; fileRef = 29B97316FDCFA39411CA2CEA /* main.m */; };
		257830C56CF34A51B78938B2 /* UIImage+CropScaleOrientation.m in Sources */ = {isa = PBXBuildFile; fileRef = A5C5312E336643299831A3EE /* UIImage+CropScaleOrientation.m */; };
		2E0695138A6C43A3AB0A4048 /* NativeKeyboard.framework in Frameworks */ = {isa = PBXBuildFile; fileRef = 4600891263D34E2789FC534C /* NativeKeyboard.framework */; };
		301BF552109A68D80062928A /* libCordova.a in Frameworks */ = {isa = PBXBuildFile; fileRef = 301BF535109A57CC0062928A /* libCordova.a */; };
		302D95F114D2391D003F00A1 /* MainViewController.m in Sources */ = {isa = PBXBuildFile; fileRef = 302D95EF14D2391D003F00A1 /* MainViewController.m */; };
		302D95F214D2391D003F00A1 /* MainViewController.xib in Resources */ = {isa = PBXBuildFile; fileRef = 302D95F014D2391D003F00A1 /* MainViewController.xib */; };
		4258D4CD30424A3085BB665C /* ImageIO.framework in Frameworks */ = {isa = PBXBuildFile; fileRef = 81BE0C37F122401597E4905F /* ImageIO.framework */; settings = {ATTRIBUTES = (Weak, ); }; };
		49185857849E459CB9ACD0F8 /* CDVCamera.m in Sources */ = {isa = PBXBuildFile; fileRef = F9A76BAA09194806B3CBE41A /* CDVCamera.m */; };
		6AFF5BF91D6E424B00AB3073 /* CDVLaunchScreen.storyboard in Resources */ = {isa = PBXBuildFile; fileRef = 6AFF5BF81D6E424B00AB3073 /* CDVLaunchScreen.storyboard */; };
		7EE1836A29E94632BE14E470 /* CDVJpegHeaderWriter.m in Sources */ = {isa = PBXBuildFile; fileRef = 83C8835C50344EEF867A90D2 /* CDVJpegHeaderWriter.m */; };
		8DAEDD86BC7C4521A9A7E717 /* Security.framework in Frameworks */ = {isa = PBXBuildFile; fileRef = 4EDF3D1436AC4D92ACF8EAFD /* Security.framework */; };
		B3577F241FE5A8F1007962C4 /* MainViewController.h in Sources */ = {isa = PBXBuildFile; fileRef = 302D95EE14D2391D003F00A1 /* MainViewController.h */; };
		B3577F251FE5A8F1007962C4 /* AppDelegate.h in Sources */ = {isa = PBXBuildFile; fileRef = 1D3623240D0F684500981E51 /* AppDelegate.h */; };
		B3577F261FE5A8F1007962C4 /* CDVFile.h in Sources */ = {isa = PBXBuildFile; fileRef = 43983B4B94BD45E3A025699E /* CDVFile.h */; };
		B3577F271FE5A8F1007962C4 /* CDVLocalFilesystem.h in Sources */ = {isa = PBXBuildFile; fileRef = 81E148EA250B4DC28D6DB29A /* CDVLocalFilesystem.h */; };
		B3577F281FE5A8F1007962C4 /* CDVAssetLibraryFilesystem.h in Sources */ = {isa = PBXBuildFile; fileRef = A6D59F632A914702A61FD301 /* CDVAssetLibraryFilesystem.h */; };
		B3577F291FE5A8F1007962C4 /* CordovaHttpPlugin.h in Sources */ = {isa = PBXBuildFile; fileRef = 5C07ADAF19A0401D82D953BF /* CordovaHttpPlugin.h */; };
		B3577F2A1FE5A8F1007962C4 /* TextResponseSerializer.h in Sources */ = {isa = PBXBuildFile; fileRef = 2A9384A0DA3C4EC8BFE572CB /* TextResponseSerializer.h */; };
		B3577F2B1FE5A8F1007962C4 /* (null) in Sources */ = {isa = PBXBuildFile; };
		B3577F2C1FE5A8F1007962C4 /* (null) in Sources */ = {isa = PBXBuildFile; };
		B3577F2D1FE5A8F1007962C4 /* (null) in Sources */ = {isa = PBXBuildFile; };
		B3577F2E1FE5A8F1007962C4 /* AFSecurityPolicy.h in Sources */ = {isa = PBXBuildFile; fileRef = 6569EF862DA0452DB2754474 /* AFSecurityPolicy.h */; };
		B3577F2F1FE5A8F1007962C4 /* (null) in Sources */ = {isa = PBXBuildFile; };
		B3577F301FE5A8F1007962C4 /* AFURLResponseSerialization.h in Sources */ = {isa = PBXBuildFile; fileRef = 678048138028405C930161BC /* AFURLResponseSerialization.h */; };
		B3577F311FE5A8F1007962C4 /* (null) in Sources */ = {isa = PBXBuildFile; };
		B3577F321FE5A8F1007962C4 /* UIImage+CropScaleOrientation.h in Sources */ = {isa = PBXBuildFile; fileRef = 974FD13D522A493BACEAE8D0 /* UIImage+CropScaleOrientation.h */; };
		B3577F331FE5A8F1007962C4 /* CDVCamera.h in Sources */ = {isa = PBXBuildFile; fileRef = BAA9991D8D0E4E73BE16A4C7 /* CDVCamera.h */; };
		B3577F341FE5A8F1007962C4 /* CDVJpegHeaderWriter.h in Sources */ = {isa = PBXBuildFile; fileRef = 267EE4CE761F47E7953CC989 /* CDVJpegHeaderWriter.h */; };
		B3577F351FE5A8F1007962C4 /* CDVExif.h in Sources */ = {isa = PBXBuildFile; fileRef = 84905A4A77EE4DC69AC3BC33 /* CDVExif.h */; };
		B3577F361FE5A8F1007962C4 /* CDVDevice.h in Sources */ = {isa = PBXBuildFile; fileRef = 4FB6850857494E629ED9DB86 /* CDVDevice.h */; };
		B3577F371FE5A8F1007962C4 /* CDVFileTransfer.h in Sources */ = {isa = PBXBuildFile; fileRef = 1D1749D316334DC7AFB25652 /* CDVFileTransfer.h */; };
		B3577F381FE5A8F1007962C4 /* (null) in Sources */ = {isa = PBXBuildFile; };
		B3577F391FE5A8F1007962C4 /* (null) in Sources */ = {isa = PBXBuildFile; };
		B3577F3A1FE5A8F1007962C4 /* AFHTTPSessionManager.h in Sources */ = {isa = PBXBuildFile; fileRef = 666B0F7B67A54A9181FB0056 /* AFHTTPSessionManager.h */; };
		B3577F3B1FE5A8F1007962C4 /* AFNetworking.h in Sources */ = {isa = PBXBuildFile; fileRef = B92FA69F874B411D823A77BB /* AFNetworking.h */; };
		B3577F3C1FE5A8F1007962C4 /* AFNetworkReachabilityManager.h in Sources */ = {isa = PBXBuildFile; fileRef = 93888B0CDD30431A9AE424B2 /* AFNetworkReachabilityManager.h */; };
		B3577F3D1FE5A8F1007962C4 /* (null) in Sources */ = {isa = PBXBuildFile; };
		B3577F3E1FE5A8F1007962C4 /* AFURLRequestSerialization.h in Sources */ = {isa = PBXBuildFile; fileRef = 47063BA889854D46A98952AC /* AFURLRequestSerialization.h */; };
		B3577F3F1FE5A8F1007962C4 /* (null) in Sources */ = {isa = PBXBuildFile; };
		B3577F401FE5A8F1007962C4 /* AFURLSessionManager.h in Sources */ = {isa = PBXBuildFile; fileRef = DA1D4CD07DF64DA3BE22D9C3 /* AFURLSessionManager.h */; };
		B3577F411FE5A8F1007962C4 /* CDVIonicKeyboard.h in Sources */ = {isa = PBXBuildFile; fileRef = AC5AF70544DE479192421385 /* CDVIonicKeyboard.h */; };
		B3577F421FE5A8F1007962C4 /* CDVWKWebViewEngine.h in Sources */ = {isa = PBXBuildFile; fileRef = F0E5C417BE7E45E5806308D7 /* CDVWKWebViewEngine.h */; };
		B3577F431FE5A8F1007962C4 /* CDVWKWebViewUIDelegate.h in Sources */ = {isa = PBXBuildFile; fileRef = D5D64E0ADC4347BD91F9DDED /* CDVWKWebViewUIDelegate.h */; };
		B3577F441FE5A8F1007962C4 /* CDVWKProcessPoolFactory.h in Sources */ = {isa = PBXBuildFile; fileRef = 986DB583131944488C23374A /* CDVWKProcessPoolFactory.h */; };
		B3577F451FE5A8F1007962C4 /* GCDWebServer.h in Sources */ = {isa = PBXBuildFile; fileRef = 6C7245A418AD4E39B6D8495C /* GCDWebServer.h */; };
		B3577F461FE5A8F1007962C4 /* GCDWebServerConnection.h in Sources */ = {isa = PBXBuildFile; fileRef = 1EB4D538DE5F406093FEC7AC /* GCDWebServerConnection.h */; };
		B3577F471FE5A8F1007962C4 /* GCDWebServerFunctions.h in Sources */ = {isa = PBXBuildFile; fileRef = 6B607CF4CD5946328670143D /* GCDWebServerFunctions.h */; };
		B3577F481FE5A8F1007962C4 /* GCDWebServerHTTPStatusCodes.h in Sources */ = {isa = PBXBuildFile; fileRef = 71128EEF5724414F88414820 /* GCDWebServerHTTPStatusCodes.h */; };
		B3577F491FE5A8F1007962C4 /* GCDWebServerPrivate.h in Sources */ = {isa = PBXBuildFile; fileRef = EAAA774A4A954E94B3091BDF /* GCDWebServerPrivate.h */; };
		B3577F4A1FE5A8F1007962C4 /* GCDWebServerRequest.h in Sources */ = {isa = PBXBuildFile; fileRef = 26B578A2999C4F7EA9C731ED /* GCDWebServerRequest.h */; };
		B3577F4B1FE5A8F1007962C4 /* GCDWebServerResponse.h in Sources */ = {isa = PBXBuildFile; fileRef = A4C351FA438648C39BDB436A /* GCDWebServerResponse.h */; };
		B3577F4C1FE5A8F1007962C4 /* GCDWebServerDataRequest.h in Sources */ = {isa = PBXBuildFile; fileRef = 180DBC4498574FB985EAEA70 /* GCDWebServerDataRequest.h */; };
		B3577F4D1FE5A8F1007962C4 /* GCDWebServerFileRequest.h in Sources */ = {isa = PBXBuildFile; fileRef = 4719E28C69FD4F8B9745B66F /* GCDWebServerFileRequest.h */; };
		B3577F4E1FE5A8F1007962C4 /* GCDWebServerMultiPartFormRequest.h in Sources */ = {isa = PBXBuildFile; fileRef = 819109C3C27A4698A60BF1B4 /* GCDWebServerMultiPartFormRequest.h */; };
		B3577F4F1FE5A8F1007962C4 /* GCDWebServerURLEncodedFormRequest.h in Sources */ = {isa = PBXBuildFile; fileRef = 417A83EA781E459FA2C3F752 /* GCDWebServerURLEncodedFormRequest.h */; };
		B3577F501FE5A8F1007962C4 /* GCDWebServerDataResponse.h in Sources */ = {isa = PBXBuildFile; fileRef = 1BCF6CCF3E794FD698F176E3 /* GCDWebServerDataResponse.h */; };
		B3577F511FE5A8F1007962C4 /* GCDWebServerErrorResponse.h in Sources */ = {isa = PBXBuildFile; fileRef = C7997CBB88574FF1882B8EFC /* GCDWebServerErrorResponse.h */; };
		B3577F521FE5A8F1007962C4 /* GCDWebServerFileResponse.h in Sources */ = {isa = PBXBuildFile; fileRef = A897ED0576A54696B1716A0A /* GCDWebServerFileResponse.h */; };
		B3577F531FE5A8F1007962C4 /* GCDWebServerStreamedResponse.h in Sources */ = {isa = PBXBuildFile; fileRef = 3BDB4E8735F0456EB3E03BD9 /* GCDWebServerStreamedResponse.h */; };
		B3577F541FE5A8F1007962C4 /* CDVCapture.h in Sources */ = {isa = PBXBuildFile; fileRef = 6B3F7B40B5AA4C769FABD828 /* CDVCapture.h */; };
		B3577F551FE5A8F1007962C4 /* CDVNativeKeyboard.h in Sources */ = {isa = PBXBuildFile; fileRef = 83AACF4DAC0A45FCBA0493C2 /* CDVNativeKeyboard.h */; };
		B3577F561FE5A8F1007962C4 /* NKSLKTextViewController.h in Sources */ = {isa = PBXBuildFile; fileRef = A29F491209A44FF2A7854B22 /* NKSLKTextViewController.h */; };
		B3577F571FE5A8F1007962C4 /* CDVSplashScreen.h in Sources */ = {isa = PBXBuildFile; fileRef = CE25A7E38877489CA2A83762 /* CDVSplashScreen.h */; };
		B3577F581FE5A8F1007962C4 /* CDVViewController+SplashScreen.h in Sources */ = {isa = PBXBuildFile; fileRef = 750191C5186A415EBDB8A078 /* CDVViewController+SplashScreen.h */; };
		B3577F591FE5A8F1007962C4 /* CDVStatusBar.h in Sources */ = {isa = PBXBuildFile; fileRef = F2FAAA980DCF43B3B365DE15 /* CDVStatusBar.h */; };
		B3577F5A1FE5A8F1007962C4 /* (null) in Sources */ = {isa = PBXBuildFile; };
		B3577F5B1FE5A8F1007962C4 /* Bridging-Header.h in Sources */ = {isa = PBXBuildFile; fileRef = ED33DF2A687741AEAF9F8254 /* Bridging-Header.h */; };
		B3577F5C1FE5A902007962C4 /* CDVAssetLibraryFilesystem.m in Sources */ = {isa = PBXBuildFile; fileRef = 2CAEAE275B854AAAA95484BE /* CDVAssetLibraryFilesystem.m */; };
		B3577F5D1FE5A90B007962C4 /* CDVLocalFilesystem.m in Sources */ = {isa = PBXBuildFile; fileRef = F31E3695E3A34DACA9B55E3C /* CDVLocalFilesystem.m */; };
		B3577F5E1FE5A924007962C4 /* CDVFile.m in Sources */ = {isa = PBXBuildFile; fileRef = 36501E21F26A4C5085162B92 /* CDVFile.m */; };
		B3577F5F1FE5A92C007962C4 /* CDVFileTransfer.m in Sources */ = {isa = PBXBuildFile; fileRef = 7281F26180514ECBB616F0C3 /* CDVFileTransfer.m */; };
		B3577F601FE5A95F007962C4 /* CDVCapture.m in Sources */ = {isa = PBXBuildFile; fileRef = AD85BE20FC2040B3906954C1 /* CDVCapture.m */; };
		D41589BE3EAA426D956099E2 /* SystemConfiguration.framework in Frameworks */ = {isa = PBXBuildFile; fileRef = 168EE09329714A01A38F9120 /* SystemConfiguration.framework */; };
		DFF8E9E29F694038B8C71C0E /* libz.tbd in Frameworks */ = {isa = PBXBuildFile; fileRef = 5B5CED9FDD8744FF85DF90BC /* libz.tbd */; };
		E7FD091955C540B7A511ACCD /* CoreLocation.framework in Frameworks */ = {isa = PBXBuildFile; fileRef = C340D051458F4ABC9F7EE013 /* CoreLocation.framework */; };
		E95895D7A87F429B94EA5E02 /* ionicons.bundle in Resources */ = {isa = PBXBuildFile; fileRef = 1B5098875D6248C9886F2E5B /* ionicons.bundle */; };
		EA81452BAA474BD2A28C631B /* AVFoundation.framework in Frameworks */ = {isa = PBXBuildFile; fileRef = D0DDB7A548F441E3BBE1B914 /* AVFoundation.framework */; };
		F24D7D7C437B47118B4ED9C0 /* FontAwesome.ttf in Resources */ = {isa = PBXBuildFile; fileRef = 3C532CFDD9064B0EAC798B9B /* FontAwesome.ttf */; };
		FEC01C10CBC643CD8014BB41 /* WebKit.framework in Frameworks */ = {isa = PBXBuildFile; fileRef = 5B8A307FF4E142688D5C4D0E /* WebKit.framework */; settings = {ATTRIBUTES = (Weak, ); }; };
/* End PBXBuildFile section */

/* Begin PBXContainerItemProxy section */
		301BF534109A57CC0062928A /* PBXContainerItemProxy */ = {
			isa = PBXContainerItemProxy;
			containerPortal = 301BF52D109A57CC0062928A /* CordovaLib/CordovaLib.xcodeproj */;
			proxyType = 2;
			remoteGlobalIDString = D2AAC07E0554694100DB518D;
			remoteInfo = CordovaLib;
		};
		301BF550109A68C00062928A /* PBXContainerItemProxy */ = {
			isa = PBXContainerItemProxy;
			containerPortal = 301BF52D109A57CC0062928A /* CordovaLib/CordovaLib.xcodeproj */;
			proxyType = 1;
			remoteGlobalIDString = D2AAC07D0554694100DB518D;
			remoteInfo = CordovaLib;
		};
		B3577F221FE5A89B007962C4 /* PBXContainerItemProxy */ = {
			isa = PBXContainerItemProxy;
			containerPortal = 301BF52D109A57CC0062928A /* CordovaLib/CordovaLib.xcodeproj */;
			proxyType = 2;
			remoteGlobalIDString = C0C01EB21E3911D50056E6CB;
			remoteInfo = Cordova;
		};
/* End PBXContainerItemProxy section */

/* Begin PBXFileReference section */
		0207DA571B56EA530066E2B4 /* Images.xcassets */ = {isa = PBXFileReference; lastKnownFileType = folder.assetcatalog; name = Images.xcassets; path = MyApp/Images.xcassets; sourceTree = SOURCE_ROOT; };
		03CC333AE1D845BDB5A03F3C /* CDVNativeKeyboard.m */ = {isa = PBXFileReference; explicitFileType = undefined; fileEncoding = 4; includeInIndex = 0; lastKnownFileType = sourcecode.c.objc; name = CDVNativeKeyboard.m; path = "cordova-plugin-native-keyboard/CDVNativeKeyboard.m"; sourceTree = "<group>"; };
		044777AAD04C4FF8ADD6E99D /* CDVSplashScreen.m */ = {isa = PBXFileReference; explicitFileType = undefined; fileEncoding = 4; includeInIndex = 0; lastKnownFileType = sourcecode.c.objc; name = CDVSplashScreen.m; path = "cordova-plugin-splashscreen/CDVSplashScreen.m"; sourceTree = "<group>"; };
		129AFCFAC9494372AC48F57D /* NKSLKTextViewController.m */ = {isa = PBXFileReference; explicitFileType = undefined; fileEncoding = 4; includeInIndex = 0; lastKnownFileType = sourcecode.c.objc; name = NKSLKTextViewController.m; path = "cordova-plugin-native-keyboard/NKSLKTextViewController.m"; sourceTree = "<group>"; };
		168EE09329714A01A38F9120 /* SystemConfiguration.framework */ = {isa = PBXFileReference; explicitFileType = undefined; fileEncoding = 9; includeInIndex = 0; lastKnownFileType = wrapper.framework; name = SystemConfiguration.framework; path = System/Library/Frameworks/SystemConfiguration.framework; sourceTree = SDKROOT; };
		174DC13B356C4B849AA82B12 /* GCDWebServerStreamedResponse.m */ = {isa = PBXFileReference; explicitFileType = undefined; fileEncoding = 4; includeInIndex = 0; lastKnownFileType = sourcecode.c.objc; name = GCDWebServerStreamedResponse.m; path = "cordova-plugin-ionic-webview/GCDWebServerStreamedResponse.m"; sourceTree = "<group>"; };
		180DBC4498574FB985EAEA70 /* GCDWebServerDataRequest.h */ = {isa = PBXFileReference; explicitFileType = undefined; fileEncoding = 4; includeInIndex = 0; lastKnownFileType = sourcecode.c.h; name = GCDWebServerDataRequest.h; path = "cordova-plugin-ionic-webview/GCDWebServerDataRequest.h"; sourceTree = "<group>"; };
		1B5098875D6248C9886F2E5B /* ionicons.bundle */ = {isa = PBXFileReference; explicitFileType = undefined; fileEncoding = 9; includeInIndex = 0; lastKnownFileType = "wrapper.plug-in"; path = ionicons.bundle; sourceTree = "<group>"; };
		1BCF6CCF3E794FD698F176E3 /* GCDWebServerDataResponse.h */ = {isa = PBXFileReference; explicitFileType = undefined; fileEncoding = 4; includeInIndex = 0; lastKnownFileType = sourcecode.c.h; name = GCDWebServerDataResponse.h; path = "cordova-plugin-ionic-webview/GCDWebServerDataResponse.h"; sourceTree = "<group>"; };
		1D1749D316334DC7AFB25652 /* CDVFileTransfer.h */ = {isa = PBXFileReference; explicitFileType = undefined; fileEncoding = 4; includeInIndex = 0; lastKnownFileType = sourcecode.c.h; name = CDVFileTransfer.h; path = "cordova-plugin-file-transfer/CDVFileTransfer.h"; sourceTree = "<group>"; };
		1D3623240D0F684500981E51 /* AppDelegate.h */ = {isa = PBXFileReference; fileEncoding = 4; lastKnownFileType = sourcecode.c.h; path = AppDelegate.h; sourceTree = "<group>"; };
		1D3623250D0F684500981E51 /* AppDelegate.m */ = {isa = PBXFileReference; fileEncoding = 4; lastKnownFileType = sourcecode.c.objc; path = AppDelegate.m; sourceTree = "<group>"; };
		1D6058910D05DD3D006BFB54 /* MyApp.app */ = {isa = PBXFileReference; explicitFileType = wrapper.application; includeInIndex = 0; path = MyApp.app; sourceTree = BUILT_PRODUCTS_DIR; };
		1EB4D538DE5F406093FEC7AC /* GCDWebServerConnection.h */ = {isa = PBXFileReference; explicitFileType = undefined; fileEncoding = 4; includeInIndex = 0; lastKnownFileType = sourcecode.c.h; name = GCDWebServerConnection.h; path = "cordova-plugin-ionic-webview/GCDWebServerConnection.h"; sourceTree = "<group>"; };
		23983A36563C4CC4858B0AEF /* CDVStatusBar.m */ = {isa = PBXFileReference; explicitFileType = undefined; fileEncoding = 4; includeInIndex = 0; lastKnownFileType = sourcecode.c.objc; name = CDVStatusBar.m; path = "cordova-plugin-statusbar/CDVStatusBar.m"; sourceTree = "<group>"; };
		25A553F18D10427BBECBF881 /* CDVDevice.m */ = {isa = PBXFileReference; explicitFileType = undefined; fileEncoding = 4; includeInIndex = 0; lastKnownFileType = sourcecode.c.objc; name = CDVDevice.m; path = "cordova-plugin-device/CDVDevice.m"; sourceTree = "<group>"; };
		267EE4CE761F47E7953CC989 /* CDVJpegHeaderWriter.h */ = {isa = PBXFileReference; explicitFileType = undefined; fileEncoding = 4; includeInIndex = 0; lastKnownFileType = sourcecode.c.h; name = CDVJpegHeaderWriter.h; path = "cordova-plugin-camera/CDVJpegHeaderWriter.h"; sourceTree = "<group>"; };
		26B578A2999C4F7EA9C731ED /* GCDWebServerRequest.h */ = {isa = PBXFileReference; explicitFileType = undefined; fileEncoding = 4; includeInIndex = 0; lastKnownFileType = sourcecode.c.h; name = GCDWebServerRequest.h; path = "cordova-plugin-ionic-webview/GCDWebServerRequest.h"; sourceTree = "<group>"; };
		29B97316FDCFA39411CA2CEA /* main.m */ = {isa = PBXFileReference; fileEncoding = 4; lastKnownFileType = sourcecode.c.objc; path = main.m; sourceTree = "<group>"; };
		2A9384A0DA3C4EC8BFE572CB /* TextResponseSerializer.h */ = {isa = PBXFileReference; explicitFileType = undefined; fileEncoding = 4; includeInIndex = 0; lastKnownFileType = sourcecode.c.h; name = TextResponseSerializer.h; path = "cordova-plugin-advanced-http/TextResponseSerializer.h"; sourceTree = "<group>"; };
		2CAEAE275B854AAAA95484BE /* CDVAssetLibraryFilesystem.m */ = {isa = PBXFileReference; explicitFileType = undefined; fileEncoding = 4; includeInIndex = 0; lastKnownFileType = sourcecode.c.objc; name = CDVAssetLibraryFilesystem.m; path = "cordova-plugin-file/CDVAssetLibraryFilesystem.m"; sourceTree = "<group>"; };
		301BF52D109A57CC0062928A /* CordovaLib/CordovaLib.xcodeproj */ = {isa = PBXFileReference; lastKnownFileType = "wrapper.pb-project"; path = CordovaLib/CordovaLib.xcodeproj; sourceTree = "<group>"; };
		301BF56E109A69640062928A /* www */ = {isa = PBXFileReference; lastKnownFileType = folder; path = www; sourceTree = SOURCE_ROOT; };
		302D95EE14D2391D003F00A1 /* MainViewController.h */ = {isa = PBXFileReference; fileEncoding = 4; lastKnownFileType = sourcecode.c.h; path = MainViewController.h; sourceTree = "<group>"; };
		302D95EF14D2391D003F00A1 /* MainViewController.m */ = {isa = PBXFileReference; fileEncoding = 4; lastKnownFileType = sourcecode.c.objc; path = MainViewController.m; sourceTree = "<group>"; };
		302D95F014D2391D003F00A1 /* MainViewController.xib */ = {isa = PBXFileReference; fileEncoding = 4; lastKnownFileType = file.xib; path = MainViewController.xib; sourceTree = "<group>"; };
		3047A50F1AB8059700498E2A /* build-debug.xcconfig */ = {isa = PBXFileReference; fileEncoding = 4; lastKnownFileType = text.xcconfig; name = "build-debug.xcconfig"; path = "cordova/build-debug.xcconfig"; sourceTree = SOURCE_ROOT; };
		3047A5101AB8059700498E2A /* build-release.xcconfig */ = {isa = PBXFileReference; fileEncoding = 4; lastKnownFileType = text.xcconfig; name = "build-release.xcconfig"; path = "cordova/build-release.xcconfig"; sourceTree = SOURCE_ROOT; };
		3047A5111AB8059700498E2A /* build.xcconfig */ = {isa = PBXFileReference; fileEncoding = 4; lastKnownFileType = text.xcconfig; name = build.xcconfig; path = cordova/build.xcconfig; sourceTree = SOURCE_ROOT; };
		328F4816D2E44143A21D149A /* GCDWebServerRequest.m */ = {isa = PBXFileReference; explicitFileType = undefined; fileEncoding = 4; includeInIndex = 0; lastKnownFileType = sourcecode.c.objc; name = GCDWebServerRequest.m; path = "cordova-plugin-ionic-webview/GCDWebServerRequest.m"; sourceTree = "<group>"; };
		32CA4F630368D1EE00C91783 /* MyApp-Prefix.pch */ = {isa = PBXFileReference; fileEncoding = 4; lastKnownFileType = sourcecode.c.h; path = "MyApp-Prefix.pch"; sourceTree = "<group>"; };
		36501E21F26A4C5085162B92 /* CDVFile.m */ = {isa = PBXFileReference; explicitFileType = undefined; fileEncoding = 4; includeInIndex = 0; lastKnownFileType = sourcecode.c.objc; name = CDVFile.m; path = "cordova-plugin-file/CDVFile.m"; sourceTree = "<group>"; };
		3BDB4E8735F0456EB3E03BD9 /* GCDWebServerStreamedResponse.h */ = {isa = PBXFileReference; explicitFileType = undefined; fileEncoding = 4; includeInIndex = 0; lastKnownFileType = sourcecode.c.h; name = GCDWebServerStreamedResponse.h; path = "cordova-plugin-ionic-webview/GCDWebServerStreamedResponse.h"; sourceTree = "<group>"; };
		3C1194B01269434285274B54 /* GCDWebServerDataRequest.m */ = {isa = PBXFileReference; explicitFileType = undefined; fileEncoding = 4; includeInIndex = 0; lastKnownFileType = sourcecode.c.objc; name = GCDWebServerDataRequest.m; path = "cordova-plugin-ionic-webview/GCDWebServerDataRequest.m"; sourceTree = "<group>"; };
		3C532CFDD9064B0EAC798B9B /* FontAwesome.ttf */ = {isa = PBXFileReference; explicitFileType = undefined; fileEncoding = 9; includeInIndex = 0; lastKnownFileType = unknown; path = FontAwesome.ttf; sourceTree = "<group>"; };
		417A83EA781E459FA2C3F752 /* GCDWebServerURLEncodedFormRequest.h */ = {isa = PBXFileReference; explicitFileType = undefined; fileEncoding = 4; includeInIndex = 0; lastKnownFileType = sourcecode.c.h; name = GCDWebServerURLEncodedFormRequest.h; path = "cordova-plugin-ionic-webview/GCDWebServerURLEncodedFormRequest.h"; sourceTree = "<group>"; };
		43983B4B94BD45E3A025699E /* CDVFile.h */ = {isa = PBXFileReference; explicitFileType = undefined; fileEncoding = 4; includeInIndex = 0; lastKnownFileType = sourcecode.c.h; name = CDVFile.h; path = "cordova-plugin-file/CDVFile.h"; sourceTree = "<group>"; };
		4600891263D34E2789FC534C /* NativeKeyboard.framework */ = {isa = PBXFileReference; explicitFileType = undefined; fileEncoding = 9; includeInIndex = 0; lastKnownFileType = wrapper.framework; name = NativeKeyboard.framework; path = "MyApp/Plugins/cordova-plugin-native-keyboard/NativeKeyboard.framework"; sourceTree = "<group>"; };
		47063BA889854D46A98952AC /* AFURLRequestSerialization.h */ = {isa = PBXFileReference; explicitFileType = undefined; fileEncoding = 4; includeInIndex = 0; lastKnownFileType = sourcecode.c.h; name = AFURLRequestSerialization.h; path = "cordova-plugin-http/AFURLRequestSerialization.h"; sourceTree = "<group>"; };
		4719E28C69FD4F8B9745B66F /* GCDWebServerFileRequest.h */ = {isa = PBXFileReference; explicitFileType = undefined; fileEncoding = 4; includeInIndex = 0; lastKnownFileType = sourcecode.c.h; name = GCDWebServerFileRequest.h; path = "cordova-plugin-ionic-webview/GCDWebServerFileRequest.h"; sourceTree = "<group>"; };
		480286B944A74D0D816B8FCC /* GCDWebServerFileResponse.m */ = {isa = PBXFileReference; explicitFileType = undefined; fileEncoding = 4; includeInIndex = 0; lastKnownFileType = sourcecode.c.objc; name = GCDWebServerFileResponse.m; path = "cordova-plugin-ionic-webview/GCDWebServerFileResponse.m"; sourceTree = "<group>"; };
		4AB78E9CD6B74FD7933605C2 /* GCDWebServerDataResponse.m */ = {isa = PBXFileReference; explicitFileType = undefined; fileEncoding = 4; includeInIndex = 0; lastKnownFileType = sourcecode.c.objc; name = GCDWebServerDataResponse.m; path = "cordova-plugin-ionic-webview/GCDWebServerDataResponse.m"; sourceTree = "<group>"; };
		4E8FE8114DE0426081C2629D /* GCDWebServerResponse.m */ = {isa = PBXFileReference; explicitFileType = undefined; fileEncoding = 4; includeInIndex = 0; lastKnownFileType = sourcecode.c.objc; name = GCDWebServerResponse.m; path = "cordova-plugin-ionic-webview/GCDWebServerResponse.m"; sourceTree = "<group>"; };
		4EDF3D1436AC4D92ACF8EAFD /* Security.framework */ = {isa = PBXFileReference; explicitFileType = undefined; fileEncoding = 9; includeInIndex = 0; lastKnownFileType = wrapper.framework; name = Security.framework; path = System/Library/Frameworks/Security.framework; sourceTree = SDKROOT; };
		4FB6850857494E629ED9DB86 /* CDVDevice.h */ = {isa = PBXFileReference; explicitFileType = undefined; fileEncoding = 4; includeInIndex = 0; lastKnownFileType = sourcecode.c.h; name = CDVDevice.h; path = "cordova-plugin-device/CDVDevice.h"; sourceTree = "<group>"; };
		56EFB726C6B848B8B433E3F5 /* GCDWebServerConnection.m */ = {isa = PBXFileReference; explicitFileType = undefined; fileEncoding = 4; includeInIndex = 0; lastKnownFileType = sourcecode.c.objc; name = GCDWebServerConnection.m; path = "cordova-plugin-ionic-webview/GCDWebServerConnection.m"; sourceTree = "<group>"; };
		5741364E1EAF4F9FA9EF1F53 /* CDVWKWebViewEngine.m */ = {isa = PBXFileReference; explicitFileType = undefined; fileEncoding = 4; includeInIndex = 0; lastKnownFileType = sourcecode.c.objc; name = CDVWKWebViewEngine.m; path = "cordova-plugin-ionic-webview/CDVWKWebViewEngine.m"; sourceTree = "<group>"; };
		599D186275F645078E7FA6A6 /* GCDWebServerErrorResponse.m */ = {isa = PBXFileReference; explicitFileType = undefined; fileEncoding = 4; includeInIndex = 0; lastKnownFileType = sourcecode.c.objc; name = GCDWebServerErrorResponse.m; path = "cordova-plugin-ionic-webview/GCDWebServerErrorResponse.m"; sourceTree = "<group>"; };
		5B5CED9FDD8744FF85DF90BC /* libz.tbd */ = {isa = PBXFileReference; explicitFileType = undefined; fileEncoding = 9; includeInIndex = 0; lastKnownFileType = "sourcecode.text-based-dylib-definition"; name = libz.tbd; path = usr/lib/libz.tbd; sourceTree = SDKROOT; };
		5B8A307FF4E142688D5C4D0E /* WebKit.framework */ = {isa = PBXFileReference; explicitFileType = undefined; fileEncoding = 9; includeInIndex = 0; lastKnownFileType = wrapper.framework; name = WebKit.framework; path = System/Library/Frameworks/WebKit.framework; sourceTree = SDKROOT; };
		5C07ADAF19A0401D82D953BF /* CordovaHttpPlugin.h */ = {isa = PBXFileReference; explicitFileType = undefined; fileEncoding = 4; includeInIndex = 0; lastKnownFileType = sourcecode.c.h; name = CordovaHttpPlugin.h; path = "cordova-plugin-advanced-http/CordovaHttpPlugin.h"; sourceTree = "<group>"; };
		5CDA34D14D8847B9BAF46C78 /* CDVWKProcessPoolFactory.m */ = {isa = PBXFileReference; explicitFileType = undefined; fileEncoding = 4; includeInIndex = 0; lastKnownFileType = sourcecode.c.objc; name = CDVWKProcessPoolFactory.m; path = "cordova-plugin-ionic-webview/CDVWKProcessPoolFactory.m"; sourceTree = "<group>"; };
		6569EF862DA0452DB2754474 /* AFSecurityPolicy.h */ = {isa = PBXFileReference; explicitFileType = undefined; fileEncoding = 4; includeInIndex = 0; lastKnownFileType = sourcecode.c.h; name = AFSecurityPolicy.h; path = "cordova-plugin-advanced-http/AFSecurityPolicy.h"; sourceTree = "<group>"; };
		6596A12E31AB4E9C9CC3CA91 /* GCDWebServerMultiPartFormRequest.m */ = {isa = PBXFileReference; explicitFileType = undefined; fileEncoding = 4; includeInIndex = 0; lastKnownFileType = sourcecode.c.objc; name = GCDWebServerMultiPartFormRequest.m; path = "cordova-plugin-ionic-webview/GCDWebServerMultiPartFormRequest.m"; sourceTree = "<group>"; };
		666B0F7B67A54A9181FB0056 /* AFHTTPSessionManager.h */ = {isa = PBXFileReference; explicitFileType = undefined; fileEncoding = 4; includeInIndex = 0; lastKnownFileType = sourcecode.c.h; name = AFHTTPSessionManager.h; path = "cordova-plugin-http/AFHTTPSessionManager.h"; sourceTree = "<group>"; };
		674285324DFC4AF68532CC6D /* AFURLResponseSerialization.m */ = {isa = PBXFileReference; explicitFileType = undefined; fileEncoding = 4; includeInIndex = 0; lastKnownFileType = sourcecode.c.objc; name = AFURLResponseSerialization.m; path = "cordova-plugin-http/AFURLResponseSerialization.m"; sourceTree = "<group>"; };
		678048138028405C930161BC /* AFURLResponseSerialization.h */ = {isa = PBXFileReference; explicitFileType = undefined; fileEncoding = 4; includeInIndex = 0; lastKnownFileType = sourcecode.c.h; name = AFURLResponseSerialization.h; path = "cordova-plugin-advanced-http/AFURLResponseSerialization.h"; sourceTree = "<group>"; };
		6AFF5BF81D6E424B00AB3073 /* CDVLaunchScreen.storyboard */ = {isa = PBXFileReference; fileEncoding = 4; lastKnownFileType = file.storyboard; name = CDVLaunchScreen.storyboard; path = MyApp/CDVLaunchScreen.storyboard; sourceTree = SOURCE_ROOT; };
		6B3F7B40B5AA4C769FABD828 /* CDVCapture.h */ = {isa = PBXFileReference; explicitFileType = undefined; fileEncoding = 4; includeInIndex = 0; lastKnownFileType = sourcecode.c.h; name = CDVCapture.h; path = "cordova-plugin-media-capture/CDVCapture.h"; sourceTree = "<group>"; };
		6B607CF4CD5946328670143D /* GCDWebServerFunctions.h */ = {isa = PBXFileReference; explicitFileType = undefined; fileEncoding = 4; includeInIndex = 0; lastKnownFileType = sourcecode.c.h; name = GCDWebServerFunctions.h; path = "cordova-plugin-ionic-webview/GCDWebServerFunctions.h"; sourceTree = "<group>"; };
		6C7245A418AD4E39B6D8495C /* GCDWebServer.h */ = {isa = PBXFileReference; explicitFileType = undefined; fileEncoding = 4; includeInIndex = 0; lastKnownFileType = sourcecode.c.h; name = GCDWebServer.h; path = "cordova-plugin-ionic-webview/GCDWebServer.h"; sourceTree = "<group>"; };
		6FEBCE4E11574EB1A99CBBCE /* AFNetworkReachabilityManager.m */ = {isa = PBXFileReference; explicitFileType = undefined; fileEncoding = 4; includeInIndex = 0; lastKnownFileType = sourcecode.c.objc; name = AFNetworkReachabilityManager.m; path = "cordova-plugin-http/AFNetworkReachabilityManager.m"; sourceTree = "<group>"; };
		71128EEF5724414F88414820 /* GCDWebServerHTTPStatusCodes.h */ = {isa = PBXFileReference; explicitFileType = undefined; fileEncoding = 4; includeInIndex = 0; lastKnownFileType = sourcecode.c.h; name = GCDWebServerHTTPStatusCodes.h; path = "cordova-plugin-ionic-webview/GCDWebServerHTTPStatusCodes.h"; sourceTree = "<group>"; };
		7281F26180514ECBB616F0C3 /* CDVFileTransfer.m */ = {isa = PBXFileReference; explicitFileType = undefined; fileEncoding = 4; includeInIndex = 0; lastKnownFileType = sourcecode.c.objc; name = CDVFileTransfer.m; path = "cordova-plugin-file-transfer/CDVFileTransfer.m"; sourceTree = "<group>"; };
		750191C5186A415EBDB8A078 /* CDVViewController+SplashScreen.h */ = {isa = PBXFileReference; explicitFileType = undefined; fileEncoding = 4; includeInIndex = 0; lastKnownFileType = sourcecode.c.h; name = "CDVViewController+SplashScreen.h"; path = "cordova-plugin-splashscreen/CDVViewController+SplashScreen.h"; sourceTree = "<group>"; };
		75AB8E1E5C1B4CDCBDE7F7ED /* GCDWebServerURLEncodedFormRequest.m */ = {isa = PBXFileReference; explicitFileType = undefined; fileEncoding = 4; includeInIndex = 0; lastKnownFileType = sourcecode.c.objc; name = GCDWebServerURLEncodedFormRequest.m; path = "cordova-plugin-ionic-webview/GCDWebServerURLEncodedFormRequest.m"; sourceTree = "<group>"; };
		7798B60DEE5F4A36B62E4A88 /* CDVWKWebViewUIDelegate.m */ = {isa = PBXFileReference; explicitFileType = undefined; fileEncoding = 4; includeInIndex = 0; lastKnownFileType = sourcecode.c.objc; name = CDVWKWebViewUIDelegate.m; path = "cordova-plugin-ionic-webview/CDVWKWebViewUIDelegate.m"; sourceTree = "<group>"; };
		79CECFBC9CAC4BFB976752AA /* CDVCapture.bundle */ = {isa = PBXFileReference; explicitFileType = undefined; fileEncoding = 9; includeInIndex = 0; lastKnownFileType = "wrapper.plug-in"; path = CDVCapture.bundle; sourceTree = "<group>"; };
		7DF4F5DF88AF4EFE8E406562 /* CDVViewController+SplashScreen.m */ = {isa = PBXFileReference; explicitFileType = undefined; fileEncoding = 4; includeInIndex = 0; lastKnownFileType = sourcecode.c.objc; name = "CDVViewController+SplashScreen.m"; path = "cordova-plugin-splashscreen/CDVViewController+SplashScreen.m"; sourceTree = "<group>"; };
		819109C3C27A4698A60BF1B4 /* GCDWebServerMultiPartFormRequest.h */ = {isa = PBXFileReference; explicitFileType = undefined; fileEncoding = 4; includeInIndex = 0; lastKnownFileType = sourcecode.c.h; name = GCDWebServerMultiPartFormRequest.h; path = "cordova-plugin-ionic-webview/GCDWebServerMultiPartFormRequest.h"; sourceTree = "<group>"; };
		81BE0C37F122401597E4905F /* ImageIO.framework */ = {isa = PBXFileReference; explicitFileType = undefined; fileEncoding = 9; includeInIndex = 0; lastKnownFileType = wrapper.framework; name = ImageIO.framework; path = System/Library/Frameworks/ImageIO.framework; sourceTree = SDKROOT; };
		81E148EA250B4DC28D6DB29A /* CDVLocalFilesystem.h */ = {isa = PBXFileReference; explicitFileType = undefined; fileEncoding = 4; includeInIndex = 0; lastKnownFileType = sourcecode.c.h; name = CDVLocalFilesystem.h; path = "cordova-plugin-file/CDVLocalFilesystem.h"; sourceTree = "<group>"; };
		830FF0FCB810454D8A955212 /* GCDWebServer.m */ = {isa = PBXFileReference; explicitFileType = undefined; fileEncoding = 4; includeInIndex = 0; lastKnownFileType = sourcecode.c.objc; name = GCDWebServer.m; path = "cordova-plugin-ionic-webview/GCDWebServer.m"; sourceTree = "<group>"; };
		83AACF4DAC0A45FCBA0493C2 /* CDVNativeKeyboard.h */ = {isa = PBXFileReference; explicitFileType = undefined; fileEncoding = 4; includeInIndex = 0; lastKnownFileType = sourcecode.c.h; name = CDVNativeKeyboard.h; path = "cordova-plugin-native-keyboard/CDVNativeKeyboard.h"; sourceTree = "<group>"; };
		83C8835C50344EEF867A90D2 /* CDVJpegHeaderWriter.m */ = {isa = PBXFileReference; explicitFileType = undefined; fileEncoding = 4; includeInIndex = 0; lastKnownFileType = sourcecode.c.objc; name = CDVJpegHeaderWriter.m; path = "cordova-plugin-camera/CDVJpegHeaderWriter.m"; sourceTree = "<group>"; };
		84905A4A77EE4DC69AC3BC33 /* CDVExif.h */ = {isa = PBXFileReference; explicitFileType = undefined; fileEncoding = 4; includeInIndex = 0; lastKnownFileType = sourcecode.c.h; name = CDVExif.h; path = "cordova-plugin-camera/CDVExif.h"; sourceTree = "<group>"; };
		8D1107310486CEB800E47090 /* MyApp-Info.plist */ = {isa = PBXFileReference; fileEncoding = 4; lastKnownFileType = text.plist.xml; name = "MyApp-Info.plist"; path = "MyApp/MyApp-Info.plist"; plistStructureDefinitionIdentifier = "com.apple.xcode.plist.structure-definition.iphone.info-plist"; sourceTree = SOURCE_ROOT; };
		93888B0CDD30431A9AE424B2 /* AFNetworkReachabilityManager.h */ = {isa = PBXFileReference; explicitFileType = undefined; fileEncoding = 4; includeInIndex = 0; lastKnownFileType = sourcecode.c.h; name = AFNetworkReachabilityManager.h; path = "cordova-plugin-http/AFNetworkReachabilityManager.h"; sourceTree = "<group>"; };
		974FD13D522A493BACEAE8D0 /* UIImage+CropScaleOrientation.h */ = {isa = PBXFileReference; explicitFileType = undefined; fileEncoding = 4; includeInIndex = 0; lastKnownFileType = sourcecode.c.h; name = "UIImage+CropScaleOrientation.h"; path = "cordova-plugin-camera/UIImage+CropScaleOrientation.h"; sourceTree = "<group>"; };
		986DB583131944488C23374A /* CDVWKProcessPoolFactory.h */ = {isa = PBXFileReference; explicitFileType = undefined; fileEncoding = 4; includeInIndex = 0; lastKnownFileType = sourcecode.c.h; name = CDVWKProcessPoolFactory.h; path = "cordova-plugin-ionic-webview/CDVWKProcessPoolFactory.h"; sourceTree = "<group>"; };
		A29F491209A44FF2A7854B22 /* NKSLKTextViewController.h */ = {isa = PBXFileReference; explicitFileType = undefined; fileEncoding = 4; includeInIndex = 0; lastKnownFileType = sourcecode.c.h; name = NKSLKTextViewController.h; path = "cordova-plugin-native-keyboard/NKSLKTextViewController.h"; sourceTree = "<group>"; };
		A4C351FA438648C39BDB436A /* GCDWebServerResponse.h */ = {isa = PBXFileReference; explicitFileType = undefined; fileEncoding = 4; includeInIndex = 0; lastKnownFileType = sourcecode.c.h; name = GCDWebServerResponse.h; path = "cordova-plugin-ionic-webview/GCDWebServerResponse.h"; sourceTree = "<group>"; };
		A5C5312E336643299831A3EE /* UIImage+CropScaleOrientation.m */ = {isa = PBXFileReference; explicitFileType = undefined; fileEncoding = 4; includeInIndex = 0; lastKnownFileType = sourcecode.c.objc; name = "UIImage+CropScaleOrientation.m"; path = "cordova-plugin-camera/UIImage+CropScaleOrientation.m"; sourceTree = "<group>"; };
		A5D153296F6A4F9BA1C6FD12 /* GCDWebServerFunctions.m */ = {isa = PBXFileReference; explicitFileType = undefined; fileEncoding = 4; includeInIndex = 0; lastKnownFileType = sourcecode.c.objc; name = GCDWebServerFunctions.m; path = "cordova-plugin-ionic-webview/GCDWebServerFunctions.m"; sourceTree = "<group>"; };
		A6D59F632A914702A61FD301 /* CDVAssetLibraryFilesystem.h */ = {isa = PBXFileReference; explicitFileType = undefined; fileEncoding = 4; includeInIndex = 0; lastKnownFileType = sourcecode.c.h; name = CDVAssetLibraryFilesystem.h; path = "cordova-plugin-file/CDVAssetLibraryFilesystem.h"; sourceTree = "<group>"; };
		A6EE17AF48FB40CAB52BD975 /* AFURLRequestSerialization.m */ = {isa = PBXFileReference; explicitFileType = undefined; fileEncoding = 4; includeInIndex = 0; lastKnownFileType = sourcecode.c.objc; name = AFURLRequestSerialization.m; path = "cordova-plugin-advanced-http/AFURLRequestSerialization.m"; sourceTree = "<group>"; };
		A897ED0576A54696B1716A0A /* GCDWebServerFileResponse.h */ = {isa = PBXFileReference; explicitFileType = undefined; fileEncoding = 4; includeInIndex = 0; lastKnownFileType = sourcecode.c.h; name = GCDWebServerFileResponse.h; path = "cordova-plugin-ionic-webview/GCDWebServerFileResponse.h"; sourceTree = "<group>"; };
		AC5AF70544DE479192421385 /* CDVIonicKeyboard.h */ = {isa = PBXFileReference; explicitFileType = undefined; fileEncoding = 4; includeInIndex = 0; lastKnownFileType = sourcecode.c.h; name = CDVIonicKeyboard.h; path = "cordova-plugin-ionic-keyboard/CDVIonicKeyboard.h"; sourceTree = "<group>"; };
		AD85BE20FC2040B3906954C1 /* CDVCapture.m */ = {isa = PBXFileReference; explicitFileType = undefined; fileEncoding = 4; includeInIndex = 0; lastKnownFileType = sourcecode.c.objc; name = CDVCapture.m; path = "cordova-plugin-media-capture/CDVCapture.m"; sourceTree = "<group>"; };
		B92FA69F874B411D823A77BB /* AFNetworking.h */ = {isa = PBXFileReference; explicitFileType = undefined; fileEncoding = 4; includeInIndex = 0; lastKnownFileType = sourcecode.c.h; name = AFNetworking.h; path = "cordova-plugin-http/AFNetworking.h"; sourceTree = "<group>"; };
		BAA9991D8D0E4E73BE16A4C7 /* CDVCamera.h */ = {isa = PBXFileReference; explicitFileType = undefined; fileEncoding = 4; includeInIndex = 0; lastKnownFileType = sourcecode.c.h; name = CDVCamera.h; path = "cordova-plugin-camera/CDVCamera.h"; sourceTree = "<group>"; };
		C340D051458F4ABC9F7EE013 /* CoreLocation.framework */ = {isa = PBXFileReference; explicitFileType = undefined; fileEncoding = 9; includeInIndex = 0; lastKnownFileType = wrapper.framework; name = CoreLocation.framework; path = System/Library/Frameworks/CoreLocation.framework; sourceTree = SDKROOT; };
		C66EA07C5A7543A78C8E4E31 /* CordovaHttpPlugin.m */ = {isa = PBXFileReference; explicitFileType = undefined; fileEncoding = 4; includeInIndex = 0; lastKnownFileType = sourcecode.c.objc; name = CordovaHttpPlugin.m; path = "cordova-plugin-http/CordovaHttpPlugin.m"; sourceTree = "<group>"; };
		C7997CBB88574FF1882B8EFC /* GCDWebServerErrorResponse.h */ = {isa = PBXFileReference; explicitFileType = undefined; fileEncoding = 4; includeInIndex = 0; lastKnownFileType = sourcecode.c.h; name = GCDWebServerErrorResponse.h; path = "cordova-plugin-ionic-webview/GCDWebServerErrorResponse.h"; sourceTree = "<group>"; };
		CE0AA899D3194013B12A3AC5 /* TextResponseSerializer.m */ = {isa = PBXFileReference; explicitFileType = undefined; fileEncoding = 4; includeInIndex = 0; lastKnownFileType = sourcecode.c.objc; name = TextResponseSerializer.m; path = "cordova-plugin-advanced-http/TextResponseSerializer.m"; sourceTree = "<group>"; };
		CE25A7E38877489CA2A83762 /* CDVSplashScreen.h */ = {isa = PBXFileReference; explicitFileType = undefined; fileEncoding = 4; includeInIndex = 0; lastKnownFileType = sourcecode.c.h; name = CDVSplashScreen.h; path = "cordova-plugin-splashscreen/CDVSplashScreen.h"; sourceTree = "<group>"; };
		D0DDB7A548F441E3BBE1B914 /* AVFoundation.framework */ = {isa = PBXFileReference; explicitFileType = undefined; fileEncoding = 9; includeInIndex = 0; lastKnownFileType = wrapper.framework; name = AVFoundation.framework; path = System/Library/Frameworks/AVFoundation.framework; sourceTree = SDKROOT; };
		D5D64E0ADC4347BD91F9DDED /* CDVWKWebViewUIDelegate.h */ = {isa = PBXFileReference; explicitFileType = undefined; fileEncoding = 4; includeInIndex = 0; lastKnownFileType = sourcecode.c.h; name = CDVWKWebViewUIDelegate.h; path = "cordova-plugin-ionic-webview/CDVWKWebViewUIDelegate.h"; sourceTree = "<group>"; };
		DA1D4CD07DF64DA3BE22D9C3 /* AFURLSessionManager.h */ = {isa = PBXFileReference; explicitFileType = undefined; fileEncoding = 4; includeInIndex = 0; lastKnownFileType = sourcecode.c.h; name = AFURLSessionManager.h; path = "cordova-plugin-http/AFURLSessionManager.h"; sourceTree = "<group>"; };
		E3F9AD27E945414DA518DE96 /* AFHTTPSessionManager.m */ = {isa = PBXFileReference; explicitFileType = undefined; fileEncoding = 4; includeInIndex = 0; lastKnownFileType = sourcecode.c.objc; name = AFHTTPSessionManager.m; path = "cordova-plugin-advanced-http/AFHTTPSessionManager.m"; sourceTree = "<group>"; };
		E96ECD1ED2874995AE8E0BA6 /* AFSecurityPolicy.m */ = {isa = PBXFileReference; explicitFileType = undefined; fileEncoding = 4; includeInIndex = 0; lastKnownFileType = sourcecode.c.objc; name = AFSecurityPolicy.m; path = "cordova-plugin-http/AFSecurityPolicy.m"; sourceTree = "<group>"; };
		EAAA774A4A954E94B3091BDF /* GCDWebServerPrivate.h */ = {isa = PBXFileReference; explicitFileType = undefined; fileEncoding = 4; includeInIndex = 0; lastKnownFileType = sourcecode.c.h; name = GCDWebServerPrivate.h; path = "cordova-plugin-ionic-webview/GCDWebServerPrivate.h"; sourceTree = "<group>"; };
		EB87FDF31871DA8E0020F90C /* www */ = {isa = PBXFileReference; lastKnownFileType = folder; name = www; path = ../../www; sourceTree = "<group>"; };
		EB87FDF41871DAF40020F90C /* config.xml */ = {isa = PBXFileReference; lastKnownFileType = text.xml; name = config.xml; path = ../../config.xml; sourceTree = "<group>"; };
		ED33DF2A687741AEAF9F8254 /* Bridging-Header.h */ = {isa = PBXFileReference; fileEncoding = 4; lastKnownFileType = sourcecode.c.h; path = "Bridging-Header.h"; sourceTree = "<group>"; };
		EFC2896CFE9E42B9B174C629 /* GCDWebServerFileRequest.m */ = {isa = PBXFileReference; explicitFileType = undefined; fileEncoding = 4; includeInIndex = 0; lastKnownFileType = sourcecode.c.objc; name = GCDWebServerFileRequest.m; path = "cordova-plugin-ionic-webview/GCDWebServerFileRequest.m"; sourceTree = "<group>"; };
		F0E5C417BE7E45E5806308D7 /* CDVWKWebViewEngine.h */ = {isa = PBXFileReference; explicitFileType = undefined; fileEncoding = 4; includeInIndex = 0; lastKnownFileType = sourcecode.c.h; name = CDVWKWebViewEngine.h; path = "cordova-plugin-ionic-webview/CDVWKWebViewEngine.h"; sourceTree = "<group>"; };
		F2FAAA980DCF43B3B365DE15 /* CDVStatusBar.h */ = {isa = PBXFileReference; explicitFileType = undefined; fileEncoding = 4; includeInIndex = 0; lastKnownFileType = sourcecode.c.h; name = CDVStatusBar.h; path = "cordova-plugin-statusbar/CDVStatusBar.h"; sourceTree = "<group>"; };
		F31E3695E3A34DACA9B55E3C /* CDVLocalFilesystem.m */ = {isa = PBXFileReference; explicitFileType = undefined; fileEncoding = 4; includeInIndex = 0; lastKnownFileType = sourcecode.c.objc; name = CDVLocalFilesystem.m; path = "cordova-plugin-file/CDVLocalFilesystem.m"; sourceTree = "<group>"; };
		F840E1F0165FE0F500CFE078 /* config.xml */ = {isa = PBXFileReference; lastKnownFileType = text.xml; name = config.xml; path = MyApp/config.xml; sourceTree = "<group>"; };
		F9A76BAA09194806B3CBE41A /* CDVCamera.m */ = {isa = PBXFileReference; explicitFileType = undefined; fileEncoding = 4; includeInIndex = 0; lastKnownFileType = sourcecode.c.objc; name = CDVCamera.m; path = "cordova-plugin-camera/CDVCamera.m"; sourceTree = "<group>"; };
		FB9F075AC08D4D3E8D5524B0 /* CDVIonicKeyboard.m */ = {isa = PBXFileReference; explicitFileType = undefined; fileEncoding = 4; includeInIndex = 0; lastKnownFileType = sourcecode.c.objc; name = CDVIonicKeyboard.m; path = "cordova-plugin-ionic-keyboard/CDVIonicKeyboard.m"; sourceTree = "<group>"; };
		FC9B0B0620124D539E9D6C43 /* AFURLSessionManager.m */ = {isa = PBXFileReference; explicitFileType = undefined; fileEncoding = 4; includeInIndex = 0; lastKnownFileType = sourcecode.c.objc; name = AFURLSessionManager.m; path = "cordova-plugin-advanced-http/AFURLSessionManager.m"; sourceTree = "<group>"; };
/* End PBXFileReference section */

/* Begin PBXFrameworksBuildPhase section */
		1D60588F0D05DD3D006BFB54 /* Frameworks */ = {
			isa = PBXFrameworksBuildPhase;
			buildActionMask = 2147483647;
			files = (
				301BF552109A68D80062928A /* libCordova.a in Frameworks */,
				8DAEDD86BC7C4521A9A7E717 /* Security.framework in Frameworks */,
				D41589BE3EAA426D956099E2 /* SystemConfiguration.framework in Frameworks */,
				4258D4CD30424A3085BB665C /* ImageIO.framework in Frameworks */,
				E7FD091955C540B7A511ACCD /* CoreLocation.framework in Frameworks */,
				EA81452BAA474BD2A28C631B /* AVFoundation.framework in Frameworks */,
				FEC01C10CBC643CD8014BB41 /* WebKit.framework in Frameworks */,
				DFF8E9E29F694038B8C71C0E /* libz.tbd in Frameworks */,
				2E0695138A6C43A3AB0A4048 /* NativeKeyboard.framework in Frameworks */,
			);
			runOnlyForDeploymentPostprocessing = 0;
		};
/* End PBXFrameworksBuildPhase section */

/* Begin PBXGroup section */
		080E96DDFE201D6D7F000001 /* Classes */ = {
			isa = PBXGroup;
			children = (
				302D95EE14D2391D003F00A1 /* MainViewController.h */,
				302D95EF14D2391D003F00A1 /* MainViewController.m */,
				302D95F014D2391D003F00A1 /* MainViewController.xib */,
				1D3623240D0F684500981E51 /* AppDelegate.h */,
				1D3623250D0F684500981E51 /* AppDelegate.m */,
			);
			name = Classes;
			path = MyApp/Classes;
			sourceTree = SOURCE_ROOT;
		};
		19C28FACFE9D520D11CA2CBB /* Products */ = {
			isa = PBXGroup;
			children = (
				1D6058910D05DD3D006BFB54 /* MyApp.app */,
			);
			name = Products;
			sourceTree = "<group>";
		};
		29B97314FDCFA39411CA2CEA /* CustomTemplate */ = {
			isa = PBXGroup;
			children = (
				EB87FDF41871DAF40020F90C /* config.xml */,
				EB87FDF31871DA8E0020F90C /* www */,
				EB87FDF11871DA420020F90C /* Staging */,
				301BF52D109A57CC0062928A /* CordovaLib/CordovaLib.xcodeproj */,
				080E96DDFE201D6D7F000001 /* Classes */,
				307C750510C5A3420062BCA9 /* Plugins */,
				29B97315FDCFA39411CA2CEA /* Other Sources */,
				29B97317FDCFA39411CA2CEA /* Resources */,
				29B97323FDCFA39411CA2CEA /* Frameworks */,
				19C28FACFE9D520D11CA2CBB /* Products */,
			);
			name = CustomTemplate;
			sourceTree = "<group>";
		};
		29B97315FDCFA39411CA2CEA /* Other Sources */ = {
			isa = PBXGroup;
			children = (
				32CA4F630368D1EE00C91783 /* MyApp-Prefix.pch */,
				29B97316FDCFA39411CA2CEA /* main.m */,
				ED33DF2A687741AEAF9F8254 /* Bridging-Header.h */,
			);
			name = "Other Sources";
			path = MyApp;
			sourceTree = "<group>";
		};
		29B97317FDCFA39411CA2CEA /* Resources */ = {
			isa = PBXGroup;
			children = (
				0207DA571B56EA530066E2B4 /* Images.xcassets */,
				3047A50E1AB8057F00498E2A /* config */,
				8D1107310486CEB800E47090 /* MyApp-Info.plist */,
				6AFF5BF81D6E424B00AB3073 /* CDVLaunchScreen.storyboard */,
				79CECFBC9CAC4BFB976752AA /* CDVCapture.bundle */,
				3C532CFDD9064B0EAC798B9B /* FontAwesome.ttf */,
				1B5098875D6248C9886F2E5B /* ionicons.bundle */,
			);
			name = Resources;
			path = MyApp/Resources;
			sourceTree = "<group>";
		};
		29B97323FDCFA39411CA2CEA /* Frameworks */ = {
			isa = PBXGroup;
			children = (
				4EDF3D1436AC4D92ACF8EAFD /* Security.framework */,
				168EE09329714A01A38F9120 /* SystemConfiguration.framework */,
				81BE0C37F122401597E4905F /* ImageIO.framework */,
				C340D051458F4ABC9F7EE013 /* CoreLocation.framework */,
				D0DDB7A548F441E3BBE1B914 /* AVFoundation.framework */,
				5B8A307FF4E142688D5C4D0E /* WebKit.framework */,
				5B5CED9FDD8744FF85DF90BC /* libz.tbd */,
				4600891263D34E2789FC534C /* NativeKeyboard.framework */,
			);
			name = Frameworks;
			sourceTree = "<group>";
		};
		301BF52E109A57CC0062928A /* Products */ = {
			isa = PBXGroup;
			children = (
				301BF535109A57CC0062928A /* libCordova.a */,
				B3577F231FE5A89B007962C4 /* Cordova.framework */,
			);
			name = Products;
			sourceTree = "<group>";
		};
		3047A50E1AB8057F00498E2A /* config */ = {
			isa = PBXGroup;
			children = (
				3047A50F1AB8059700498E2A /* build-debug.xcconfig */,
				3047A5101AB8059700498E2A /* build-release.xcconfig */,
				3047A5111AB8059700498E2A /* build.xcconfig */,
			);
			name = config;
			sourceTree = "<group>";
		};
		307C750510C5A3420062BCA9 /* Plugins */ = {
			isa = PBXGroup;
			children = (
				36501E21F26A4C5085162B92 /* CDVFile.m */,
				F31E3695E3A34DACA9B55E3C /* CDVLocalFilesystem.m */,
				2CAEAE275B854AAAA95484BE /* CDVAssetLibraryFilesystem.m */,
				43983B4B94BD45E3A025699E /* CDVFile.h */,
				81E148EA250B4DC28D6DB29A /* CDVLocalFilesystem.h */,
				A6D59F632A914702A61FD301 /* CDVAssetLibraryFilesystem.h */,
				CE0AA899D3194013B12A3AC5 /* TextResponseSerializer.m */,
				E3F9AD27E945414DA518DE96 /* AFHTTPSessionManager.m */,
				A6EE17AF48FB40CAB52BD975 /* AFURLRequestSerialization.m */,
				FC9B0B0620124D539E9D6C43 /* AFURLSessionManager.m */,
				5C07ADAF19A0401D82D953BF /* CordovaHttpPlugin.h */,
				2A9384A0DA3C4EC8BFE572CB /* TextResponseSerializer.h */,
				6569EF862DA0452DB2754474 /* AFSecurityPolicy.h */,
				678048138028405C930161BC /* AFURLResponseSerialization.h */,
				A5C5312E336643299831A3EE /* UIImage+CropScaleOrientation.m */,
				F9A76BAA09194806B3CBE41A /* CDVCamera.m */,
				83C8835C50344EEF867A90D2 /* CDVJpegHeaderWriter.m */,
				974FD13D522A493BACEAE8D0 /* UIImage+CropScaleOrientation.h */,
				BAA9991D8D0E4E73BE16A4C7 /* CDVCamera.h */,
				267EE4CE761F47E7953CC989 /* CDVJpegHeaderWriter.h */,
				84905A4A77EE4DC69AC3BC33 /* CDVExif.h */,
				25A553F18D10427BBECBF881 /* CDVDevice.m */,
				4FB6850857494E629ED9DB86 /* CDVDevice.h */,
				7281F26180514ECBB616F0C3 /* CDVFileTransfer.m */,
				1D1749D316334DC7AFB25652 /* CDVFileTransfer.h */,
				C66EA07C5A7543A78C8E4E31 /* CordovaHttpPlugin.m */,
				6FEBCE4E11574EB1A99CBBCE /* AFNetworkReachabilityManager.m */,
				E96ECD1ED2874995AE8E0BA6 /* AFSecurityPolicy.m */,
				674285324DFC4AF68532CC6D /* AFURLResponseSerialization.m */,
				666B0F7B67A54A9181FB0056 /* AFHTTPSessionManager.h */,
				B92FA69F874B411D823A77BB /* AFNetworking.h */,
				93888B0CDD30431A9AE424B2 /* AFNetworkReachabilityManager.h */,
				47063BA889854D46A98952AC /* AFURLRequestSerialization.h */,
				DA1D4CD07DF64DA3BE22D9C3 /* AFURLSessionManager.h */,
				FB9F075AC08D4D3E8D5524B0 /* CDVIonicKeyboard.m */,
				AC5AF70544DE479192421385 /* CDVIonicKeyboard.h */,
				5741364E1EAF4F9FA9EF1F53 /* CDVWKWebViewEngine.m */,
				7798B60DEE5F4A36B62E4A88 /* CDVWKWebViewUIDelegate.m */,
				5CDA34D14D8847B9BAF46C78 /* CDVWKProcessPoolFactory.m */,
				830FF0FCB810454D8A955212 /* GCDWebServer.m */,
				56EFB726C6B848B8B433E3F5 /* GCDWebServerConnection.m */,
				A5D153296F6A4F9BA1C6FD12 /* GCDWebServerFunctions.m */,
				328F4816D2E44143A21D149A /* GCDWebServerRequest.m */,
				4E8FE8114DE0426081C2629D /* GCDWebServerResponse.m */,
				3C1194B01269434285274B54 /* GCDWebServerDataRequest.m */,
				EFC2896CFE9E42B9B174C629 /* GCDWebServerFileRequest.m */,
				6596A12E31AB4E9C9CC3CA91 /* GCDWebServerMultiPartFormRequest.m */,
				75AB8E1E5C1B4CDCBDE7F7ED /* GCDWebServerURLEncodedFormRequest.m */,
				4AB78E9CD6B74FD7933605C2 /* GCDWebServerDataResponse.m */,
				599D186275F645078E7FA6A6 /* GCDWebServerErrorResponse.m */,
				480286B944A74D0D816B8FCC /* GCDWebServerFileResponse.m */,
				174DC13B356C4B849AA82B12 /* GCDWebServerStreamedResponse.m */,
				F0E5C417BE7E45E5806308D7 /* CDVWKWebViewEngine.h */,
				D5D64E0ADC4347BD91F9DDED /* CDVWKWebViewUIDelegate.h */,
				986DB583131944488C23374A /* CDVWKProcessPoolFactory.h */,
				6C7245A418AD4E39B6D8495C /* GCDWebServer.h */,
				1EB4D538DE5F406093FEC7AC /* GCDWebServerConnection.h */,
				6B607CF4CD5946328670143D /* GCDWebServerFunctions.h */,
				71128EEF5724414F88414820 /* GCDWebServerHTTPStatusCodes.h */,
				EAAA774A4A954E94B3091BDF /* GCDWebServerPrivate.h */,
				26B578A2999C4F7EA9C731ED /* GCDWebServerRequest.h */,
				A4C351FA438648C39BDB436A /* GCDWebServerResponse.h */,
				180DBC4498574FB985EAEA70 /* GCDWebServerDataRequest.h */,
				4719E28C69FD4F8B9745B66F /* GCDWebServerFileRequest.h */,
				819109C3C27A4698A60BF1B4 /* GCDWebServerMultiPartFormRequest.h */,
				417A83EA781E459FA2C3F752 /* GCDWebServerURLEncodedFormRequest.h */,
				1BCF6CCF3E794FD698F176E3 /* GCDWebServerDataResponse.h */,
				C7997CBB88574FF1882B8EFC /* GCDWebServerErrorResponse.h */,
				A897ED0576A54696B1716A0A /* GCDWebServerFileResponse.h */,
				3BDB4E8735F0456EB3E03BD9 /* GCDWebServerStreamedResponse.h */,
				AD85BE20FC2040B3906954C1 /* CDVCapture.m */,
				6B3F7B40B5AA4C769FABD828 /* CDVCapture.h */,
				03CC333AE1D845BDB5A03F3C /* CDVNativeKeyboard.m */,
				129AFCFAC9494372AC48F57D /* NKSLKTextViewController.m */,
				83AACF4DAC0A45FCBA0493C2 /* CDVNativeKeyboard.h */,
				A29F491209A44FF2A7854B22 /* NKSLKTextViewController.h */,
				044777AAD04C4FF8ADD6E99D /* CDVSplashScreen.m */,
				7DF4F5DF88AF4EFE8E406562 /* CDVViewController+SplashScreen.m */,
				CE25A7E38877489CA2A83762 /* CDVSplashScreen.h */,
				750191C5186A415EBDB8A078 /* CDVViewController+SplashScreen.h */,
				23983A36563C4CC4858B0AEF /* CDVStatusBar.m */,
				F2FAAA980DCF43B3B365DE15 /* CDVStatusBar.h */,
			);
			name = Plugins;
			path = MyApp/Plugins;
			sourceTree = SOURCE_ROOT;
		};
		EB87FDF11871DA420020F90C /* Staging */ = {
			isa = PBXGroup;
			children = (
				F840E1F0165FE0F500CFE078 /* config.xml */,
				301BF56E109A69640062928A /* www */,
			);
			name = Staging;
			sourceTree = "<group>";
		};
/* End PBXGroup section */

/* Begin PBXNativeTarget section */
		1D6058900D05DD3D006BFB54 /* MyApp */ = {
			isa = PBXNativeTarget;
			buildConfigurationList = 1D6058960D05DD3E006BFB54 /* Build configuration list for PBXNativeTarget "MyApp" */;
			buildPhases = (
				304B58A110DAC018002A0835 /* Copy www directory */,
				1D60588D0D05DD3D006BFB54 /* Resources */,
				1D60588E0D05DD3D006BFB54 /* Sources */,
				1D60588F0D05DD3D006BFB54 /* Frameworks */,
			);
			buildRules = (
			);
			dependencies = (
				301BF551109A68C00062928A /* PBXTargetDependency */,
			);
			name = MyApp;
			productName = MyApp;
			productReference = 1D6058910D05DD3D006BFB54 /* MyApp.app */;
			productType = "com.apple.product-type.application";
		};
/* End PBXNativeTarget section */

/* Begin PBXProject section */
		29B97313FDCFA39411CA2CEA /* Project object */ = {
			isa = PBXProject;
			attributes = {
				LastUpgradeCheck = 510;
				TargetAttributes = {
					1D6058900D05DD3D006BFB54 = {
						DevelopmentTeam = SCC64BZGMH;
					};
				};
			};
			buildConfigurationList = C01FCF4E08A954540054247B /* Build configuration list for PBXProject "MyApp" */;
			compatibilityVersion = "Xcode 3.2";
			developmentRegion = English;
			hasScannedForEncodings = 1;
			knownRegions = (
				en,
			);
			mainGroup = 29B97314FDCFA39411CA2CEA /* CustomTemplate */;
			projectDirPath = "";
			projectReferences = (
				{
					ProductGroup = 301BF52E109A57CC0062928A /* Products */;
					ProjectRef = 301BF52D109A57CC0062928A /* CordovaLib/CordovaLib.xcodeproj */;
				},
			);
			projectRoot = "";
			targets = (
				1D6058900D05DD3D006BFB54 /* MyApp */,
			);
		};
/* End PBXProject section */

/* Begin PBXReferenceProxy section */
		301BF535109A57CC0062928A /* libCordova.a */ = {
			isa = PBXReferenceProxy;
			fileType = archive.ar;
			path = libCordova.a;
			remoteRef = 301BF534109A57CC0062928A /* PBXContainerItemProxy */;
			sourceTree = BUILT_PRODUCTS_DIR;
		};
		B3577F231FE5A89B007962C4 /* Cordova.framework */ = {
			isa = PBXReferenceProxy;
			fileType = wrapper.framework;
			path = Cordova.framework;
			remoteRef = B3577F221FE5A89B007962C4 /* PBXContainerItemProxy */;
			sourceTree = BUILT_PRODUCTS_DIR;
		};
/* End PBXReferenceProxy section */

/* Begin PBXResourcesBuildPhase section */
		1D60588D0D05DD3D006BFB54 /* Resources */ = {
			isa = PBXResourcesBuildPhase;
			buildActionMask = 2147483647;
			files = (
				302D95F214D2391D003F00A1 /* MainViewController.xib in Resources */,
				0207DA581B56EA530066E2B4 /* Images.xcassets in Resources */,
				6AFF5BF91D6E424B00AB3073 /* CDVLaunchScreen.storyboard in Resources */,
				1CB985CCAA7C4464A8655D38 /* CDVCapture.bundle in Resources */,
				F24D7D7C437B47118B4ED9C0 /* FontAwesome.ttf in Resources */,
				E95895D7A87F429B94EA5E02 /* ionicons.bundle in Resources */,
			);
			runOnlyForDeploymentPostprocessing = 0;
		};
/* End PBXResourcesBuildPhase section */

/* Begin PBXShellScriptBuildPhase section */
		304B58A110DAC018002A0835 /* Copy www directory */ = {
			isa = PBXShellScriptBuildPhase;
			buildActionMask = 2147483647;
			files = (
			);
			inputPaths = (
			);
			name = "Copy www directory";
			outputPaths = (
			);
			runOnlyForDeploymentPostprocessing = 0;
			shellPath = /bin/sh;
			shellScript = "NODEJS_PATH=/usr/local/bin; NVM_NODE_PATH=~/.nvm/versions/node/`nvm version 2>/dev/null`/bin; N_NODE_PATH=`find /usr/local/n/versions/node/* -maxdepth 0 -type d 2>/dev/null | tail -1`/bin; XCODE_NODE_PATH=`xcode-select --print-path`/usr/share/xcs/Node/bin; PATH=$NODEJS_PATH:$NVM_NODE_PATH:$N_NODE_PATH:$XCODE_NODE_PATH:$PATH && node cordova/lib/copy-www-build-step.js";
			showEnvVarsInLog = 0;
		};
/* End PBXShellScriptBuildPhase section */

/* Begin PBXSourcesBuildPhase section */
		1D60588E0D05DD3D006BFB54 /* Sources */ = {
			isa = PBXSourcesBuildPhase;
			buildActionMask = 2147483647;
			files = (
				B3577F601FE5A95F007962C4 /* CDVCapture.m in Sources */,
				B3577F5F1FE5A92C007962C4 /* CDVFileTransfer.m in Sources */,
				B3577F5E1FE5A924007962C4 /* CDVFile.m in Sources */,
				B3577F5D1FE5A90B007962C4 /* CDVLocalFilesystem.m in Sources */,
				B3577F5C1FE5A902007962C4 /* CDVAssetLibraryFilesystem.m in Sources */,
				B3577F241FE5A8F1007962C4 /* MainViewController.h in Sources */,
				B3577F251FE5A8F1007962C4 /* AppDelegate.h in Sources */,
				B3577F261FE5A8F1007962C4 /* CDVFile.h in Sources */,
				B3577F271FE5A8F1007962C4 /* CDVLocalFilesystem.h in Sources */,
				B3577F281FE5A8F1007962C4 /* CDVAssetLibraryFilesystem.h in Sources */,
				B3577F291FE5A8F1007962C4 /* CordovaHttpPlugin.h in Sources */,
				B3577F2A1FE5A8F1007962C4 /* TextResponseSerializer.h in Sources */,
				B3577F2B1FE5A8F1007962C4 /* (null) in Sources */,
				B3577F2C1FE5A8F1007962C4 /* (null) in Sources */,
				B3577F2D1FE5A8F1007962C4 /* (null) in Sources */,
				B3577F2E1FE5A8F1007962C4 /* AFSecurityPolicy.h in Sources */,
				B3577F2F1FE5A8F1007962C4 /* (null) in Sources */,
				B3577F301FE5A8F1007962C4 /* AFURLResponseSerialization.h in Sources */,
				B3577F311FE5A8F1007962C4 /* (null) in Sources */,
				B3577F321FE5A8F1007962C4 /* UIImage+CropScaleOrientation.h in Sources */,
				B3577F331FE5A8F1007962C4 /* CDVCamera.h in Sources */,
				B3577F341FE5A8F1007962C4 /* CDVJpegHeaderWriter.h in Sources */,
				B3577F351FE5A8F1007962C4 /* CDVExif.h in Sources */,
				B3577F361FE5A8F1007962C4 /* CDVDevice.h in Sources */,
				B3577F371FE5A8F1007962C4 /* CDVFileTransfer.h in Sources */,
				B3577F381FE5A8F1007962C4 /* (null) in Sources */,
				B3577F391FE5A8F1007962C4 /* (null) in Sources */,
				B3577F3A1FE5A8F1007962C4 /* AFHTTPSessionManager.h in Sources */,
				B3577F3B1FE5A8F1007962C4 /* AFNetworking.h in Sources */,
				B3577F3C1FE5A8F1007962C4 /* AFNetworkReachabilityManager.h in Sources */,
				B3577F3D1FE5A8F1007962C4 /* (null) in Sources */,
				B3577F3E1FE5A8F1007962C4 /* AFURLRequestSerialization.h in Sources */,
				B3577F3F1FE5A8F1007962C4 /* (null) in Sources */,
				B3577F401FE5A8F1007962C4 /* AFURLSessionManager.h in Sources */,
				B3577F411FE5A8F1007962C4 /* CDVIonicKeyboard.h in Sources */,
				B3577F421FE5A8F1007962C4 /* CDVWKWebViewEngine.h in Sources */,
				B3577F431FE5A8F1007962C4 /* CDVWKWebViewUIDelegate.h in Sources */,
				B3577F441FE5A8F1007962C4 /* CDVWKProcessPoolFactory.h in Sources */,
				B3577F451FE5A8F1007962C4 /* GCDWebServer.h in Sources */,
				B3577F461FE5A8F1007962C4 /* GCDWebServerConnection.h in Sources */,
				B3577F471FE5A8F1007962C4 /* GCDWebServerFunctions.h in Sources */,
				B3577F481FE5A8F1007962C4 /* GCDWebServerHTTPStatusCodes.h in Sources */,
				B3577F491FE5A8F1007962C4 /* GCDWebServerPrivate.h in Sources */,
				B3577F4A1FE5A8F1007962C4 /* GCDWebServerRequest.h in Sources */,
				B3577F4B1FE5A8F1007962C4 /* GCDWebServerResponse.h in Sources */,
				B3577F4C1FE5A8F1007962C4 /* GCDWebServerDataRequest.h in Sources */,
				B3577F4D1FE5A8F1007962C4 /* GCDWebServerFileRequest.h in Sources */,
				B3577F4E1FE5A8F1007962C4 /* GCDWebServerMultiPartFormRequest.h in Sources */,
				B3577F4F1FE5A8F1007962C4 /* GCDWebServerURLEncodedFormRequest.h in Sources */,
				B3577F501FE5A8F1007962C4 /* GCDWebServerDataResponse.h in Sources */,
				B3577F511FE5A8F1007962C4 /* GCDWebServerErrorResponse.h in Sources */,
				B3577F521FE5A8F1007962C4 /* GCDWebServerFileResponse.h in Sources */,
				B3577F531FE5A8F1007962C4 /* GCDWebServerStreamedResponse.h in Sources */,
				B3577F541FE5A8F1007962C4 /* CDVCapture.h in Sources */,
				B3577F551FE5A8F1007962C4 /* CDVNativeKeyboard.h in Sources */,
				B3577F561FE5A8F1007962C4 /* NKSLKTextViewController.h in Sources */,
				B3577F571FE5A8F1007962C4 /* CDVSplashScreen.h in Sources */,
				B3577F581FE5A8F1007962C4 /* CDVViewController+SplashScreen.h in Sources */,
				B3577F591FE5A8F1007962C4 /* CDVStatusBar.h in Sources */,
				B3577F5A1FE5A8F1007962C4 /* (null) in Sources */,
				B3577F5B1FE5A8F1007962C4 /* Bridging-Header.h in Sources */,
				1D60589B0D05DD56006BFB54 /* main.m in Sources */,
				1D3623260D0F684500981E51 /* AppDelegate.m in Sources */,
				302D95F114D2391D003F00A1 /* MainViewController.m in Sources */,
				257830C56CF34A51B78938B2 /* UIImage+CropScaleOrientation.m in Sources */,
				49185857849E459CB9ACD0F8 /* CDVCamera.m in Sources */,
				7EE1836A29E94632BE14E470 /* CDVJpegHeaderWriter.m in Sources */,
				1A6DCDD2CC2944C088B37C15 /* CDVDevice.m in Sources */,
			);
			runOnlyForDeploymentPostprocessing = 0;
		};
/* End PBXSourcesBuildPhase section */

/* Begin PBXTargetDependency section */
		301BF551109A68C00062928A /* PBXTargetDependency */ = {
			isa = PBXTargetDependency;
			name = CordovaLib;
			targetProxy = 301BF550109A68C00062928A /* PBXContainerItemProxy */;
		};
/* End PBXTargetDependency section */

/* Begin XCBuildConfiguration section */
		1D6058940D05DD3E006BFB54 /* Debug */ = {
			isa = XCBuildConfiguration;
			baseConfigurationReference = 3047A50F1AB8059700498E2A /* build-debug.xcconfig */;
			buildSettings = {
				ALWAYS_SEARCH_USER_PATHS = NO;
				ASSETCATALOG_COMPILER_LAUNCHIMAGE_NAME = LaunchImage;
				CLANG_ENABLE_MODULES = YES;
				CLANG_ENABLE_OBJC_ARC = YES;
				COPY_PHASE_STRIP = NO;
				DEVELOPMENT_TEAM = SCC64BZGMH;
				FRAMEWORK_SEARCH_PATHS = (
					"$(inherited)",
					"\"MyApp/Plugins/cordova-plugin-native-keyboard\"",
				);
				GCC_DYNAMIC_NO_PIC = NO;
				GCC_OPTIMIZATION_LEVEL = 0;
				GCC_PRECOMPILE_PREFIX_HEADER = YES;
				GCC_PREFIX_HEADER = "MyApp/MyApp-Prefix.pch";
				GCC_THUMB_SUPPORT = NO;
				GCC_VERSION = "";
				INFOPLIST_FILE = "MyApp/MyApp-Info.plist";
				IPHONEOS_DEPLOYMENT_TARGET = 9.0;
				LD_RUNPATH_SEARCH_PATHS = "@executable_path/Frameworks";
				PRODUCT_BUNDLE_IDENTIFIER = io.ionic.test1313;
				PRODUCT_NAME = MyApp;
				TARGETED_DEVICE_FAMILY = "1,2";
			};
			name = Debug;
		};
		1D6058950D05DD3E006BFB54 /* Release */ = {
			isa = XCBuildConfiguration;
			baseConfigurationReference = 3047A5101AB8059700498E2A /* build-release.xcconfig */;
			buildSettings = {
				ALWAYS_SEARCH_USER_PATHS = NO;
				ASSETCATALOG_COMPILER_LAUNCHIMAGE_NAME = LaunchImage;
				CLANG_ENABLE_MODULES = YES;
				CLANG_ENABLE_OBJC_ARC = YES;
				COPY_PHASE_STRIP = YES;
				DEVELOPMENT_TEAM = SCC64BZGMH;
				FRAMEWORK_SEARCH_PATHS = (
					"$(inherited)",
					"\"MyApp/Plugins/cordova-plugin-native-keyboard\"",
				);
				GCC_PRECOMPILE_PREFIX_HEADER = YES;
				GCC_PREFIX_HEADER = "MyApp/MyApp-Prefix.pch";
				GCC_THUMB_SUPPORT = NO;
				GCC_VERSION = "";
				INFOPLIST_FILE = "MyApp/MyApp-Info.plist";
				IPHONEOS_DEPLOYMENT_TARGET = 9.0;
				LD_RUNPATH_SEARCH_PATHS = "@executable_path/Frameworks";
				PRODUCT_BUNDLE_IDENTIFIER = io.ionic.test1313;
				PRODUCT_NAME = MyApp;
				TARGETED_DEVICE_FAMILY = "1,2";
			};
			name = Release;
		};
		C01FCF4F08A954540054247B /* Debug */ = {
			isa = XCBuildConfiguration;
			baseConfigurationReference = 3047A5111AB8059700498E2A /* build.xcconfig */;
			buildSettings = {
				CLANG_ENABLE_MODULES = YES;
				CLANG_ENABLE_OBJC_ARC = YES;
				CLANG_WARN_BOOL_CONVERSION = YES;
				CLANG_WARN_CONSTANT_CONVERSION = YES;
				CLANG_WARN_EMPTY_BODY = YES;
				CLANG_WARN_ENUM_CONVERSION = YES;
				CLANG_WARN_INT_CONVERSION = YES;
				CLANG_WARN__DUPLICATE_METHOD_MATCH = YES;
				GCC_C_LANGUAGE_STANDARD = c99;
				GCC_THUMB_SUPPORT = NO;
				GCC_VERSION = "";
				GCC_WARN_ABOUT_RETURN_TYPE = YES;
				GCC_WARN_UNDECLARED_SELECTOR = YES;
				GCC_WARN_UNINITIALIZED_AUTOS = YES;
				GCC_WARN_UNUSED_FUNCTION = YES;
				GCC_WARN_UNUSED_VARIABLE = YES;
				ONLY_ACTIVE_ARCH = YES;
				SDKROOT = iphoneos;
				SKIP_INSTALL = NO;
			};
			name = Debug;
		};
		C01FCF5008A954540054247B /* Release */ = {
			isa = XCBuildConfiguration;
			baseConfigurationReference = 3047A5111AB8059700498E2A /* build.xcconfig */;
			buildSettings = {
				CLANG_ENABLE_MODULES = YES;
				CLANG_ENABLE_OBJC_ARC = YES;
				CLANG_WARN_BOOL_CONVERSION = YES;
				CLANG_WARN_CONSTANT_CONVERSION = YES;
				CLANG_WARN_EMPTY_BODY = YES;
				CLANG_WARN_ENUM_CONVERSION = YES;
				CLANG_WARN_INT_CONVERSION = YES;
				CLANG_WARN__DUPLICATE_METHOD_MATCH = YES;
				GCC_C_LANGUAGE_STANDARD = c99;
				GCC_THUMB_SUPPORT = NO;
				GCC_VERSION = "";
				GCC_WARN_ABOUT_RETURN_TYPE = YES;
				GCC_WARN_UNDECLARED_SELECTOR = YES;
				GCC_WARN_UNINITIALIZED_AUTOS = YES;
				GCC_WARN_UNUSED_FUNCTION = YES;
				GCC_WARN_UNUSED_VARIABLE = YES;
				SDKROOT = iphoneos;
				SKIP_INSTALL = NO;
			};
			name = Release;
		};
/* End XCBuildConfiguration section */

/* Begin XCConfigurationList section */
		1D6058960D05DD3E006BFB54 /* Build configuration list for PBXNativeTarget "MyApp" */ = {
			isa = XCConfigurationList;
			buildConfigurations = (
				1D6058940D05DD3E006BFB54 /* Debug */,
				1D6058950D05DD3E006BFB54 /* Release */,
			);
			defaultConfigurationIsVisible = 0;
			defaultConfigurationName = Release;
		};
		C01FCF4E08A954540054247B /* Build configuration list for PBXProject "MyApp" */ = {
			isa = XCConfigurationList;
			buildConfigurations = (
				C01FCF4F08A954540054247B /* Debug */,
				C01FCF5008A954540054247B /* Release */,
			);
			defaultConfigurationIsVisible = 0;
			defaultConfigurationName = Release;
		};
/* End XCConfigurationList section */
	};
	rootObject = 29B97313FDCFA39411CA2CEA /* Project object */;
}
